[ "decimal": {:git, "git://github.com/ericmj/decimal.git", "ca3ca3de2425b1ee19d175eca92d80dcfe02fdb1", []},
  "ecto_riak": {:git, "git://github.com/TanYewWei/ecto_riak.git", "284d7910646d23fd2a6ff42c435b0ab01727c3d5", []},
  "ex_doc": {:git, "git://github.com/elixir-lang/ex_doc.git", "dc0397d15686315dad653ed13c4836e4c6ef54e3", []},
  "jazz": {:git, "git://github.com/meh/jazz.git", "c502fc3894249d677f0546bc02a9b866d5d32afa", []},
  "meck": {:git, "git://github.com/basho/meck.git", "2b25a30a8688f94106d07f23a9f1fb523ac00f08", [tag: "0.8.1"]},
  "poolboy": {:git, "git://github.com/devinus/poolboy.git", "3cc20d045243fe8d034a295923bd3deeb3be047a", []},
  "pooler": {:git, "git://github.com/seth/pooler.git", "a2452716489e75376344a54b0a29daff4be2f90b", []},
  "postgrex": {:git, "git://github.com/ericmj/postgrex.git", "c6fbb72d6f0678efd02e58b38cf2308397f0566a", []},
  "proper": {:git, "git://github.com/manopapad/proper", "da31c4be95557717cd7a56add0a24541a91c038c", [ref: "master"]},
  "protobuffs": {:git, "git://github.com/basho/erlang_protobuffs.git", "37f9b1c50abd867302b9ff5c3ca59ea157cdf3e5", [tag: "0.8.1p3"]},
  "riak_pb": {:git, "git://github.com/basho/riak_pb", "3e63494ab780de480e20dd680f044458c0ac5b6b", [tag: "2.0.0.11"]},
  "riakc": {:git, "git://github.com/basho/riak-erlang-client.git", "90b6d000ea1f209d4e6673a72d92ca48a2ae2529", [ref: "90b6d000ea1f209d4e6673a72d92ca48a2ae2529"]},
  "statebox": {:git, "git://github.com/mochi/statebox.git", "99633db6d021bd282c2bfbe0b70ac340fcdd96c4", []} ]
